
Microsoft Visual Studio Solution File, Format Version 12.00
# Visual Studio Version 17
VisualStudioVersion = 17.0.31903.59
MinimumVisualStudioVersion = 10.0.40219.1
Project("{FAE04EC0-301F-11D3-BF4B-00C04F79EFBC}") = "AirLine.Domain", "AirLine\AirLine.Domain.csproj", "{69FDD061-5885-4CAA-90E9-DF9EF1EDD478}"
EndProject
Project("{2150E333-8FDC-42A3-9474-1A3956D46DE8}") = "0.Shared", "0.Shared", "{7C932BFF-C17C-4667-8EF5-97629967989E}"
EndProject
Project("{2150E333-8FDC-42A3-9474-1A3956D46DE8}") = "1.Data", "1.Data", "{F797EAEA-3AE0-4AAA-88E9-7057B0019D0C}"
EndProject
Project("{2150E333-8FDC-42A3-9474-1A3956D46DE8}") = "3.Services", "3.Services", "{D1BF3809-5748-42D0-8D34-0166522A479F}"
EndProject
Project("{2150E333-8FDC-42A3-9474-1A3956D46DE8}") = "4.EndPoint", "4.EndPoint", "{80E2AEE0-2F72-4051-B597-DD3B7936DCF1}"
EndProject
Global
	GlobalSection(SolutionConfigurationPlatforms) = preSolution
		Debug|Any CPU = Debug|Any CPU
		Release|Any CPU = Release|Any CPU
	EndGlobalSection
	GlobalSection(ProjectConfigurationPlatforms) = postSolution
		{69FDD061-5885-4CAA-90E9-DF9EF1EDD478}.Debug|Any CPU.ActiveCfg = Debug|Any CPU
		{69FDD061-5885-4CAA-90E9-DF9EF1EDD478}.Debug|Any CPU.Build.0 = Debug|Any CPU
		{69FDD061-5885-4CAA-90E9-DF9EF1EDD478}.Release|Any CPU.ActiveCfg = Release|Any CPU
		{69FDD061-5885-4CAA-90E9-DF9EF1EDD478}.Release|Any CPU.Build.0 = Release|Any CPU
	EndGlobalSection
	GlobalSection(SolutionProperties) = preSolution
		HideSolutionNode = FALSE
	EndGlobalSection
	GlobalSection(NestedProjects) = preSolution
		{69FDD061-5885-4CAA-90E9-DF9EF1EDD478} = {F797EAEA-3AE0-4AAA-88E9-7057B0019D0C}
	EndGlobalSection
	GlobalSection(ExtensibilityGlobals) = postSolution
		SolutionGuid = {3F4D95AB-D219-4D9C-92E0-C38E6BB5B494}
	EndGlobalSection
EndGlobal
